{
  "name": "ELLE-Website-API",
  "lockfileVersion": 3,
  "requires": true,
  "packages": {
    "": {
      "dependencies": {
        "mic-recorder": "^4.9.0"
      }
    },
    "node_modules/atob-lite": {
      "version": "2.0.0",
      "resolved": "https://registry.npmjs.org/atob-lite/-/atob-lite-2.0.0.tgz",
      "integrity": "sha512-LEeSAWeh2Gfa2FtlQE1shxQ8zi5F9GHarrGKz08TMdODD5T4eH6BMsvtnhbWZ+XQn+Gb6om/917ucvRu7l7ukw=="
    },
    "node_modules/audio-buffer": {
      "version": "4.0.4",
      "resolved": "https://registry.npmjs.org/audio-buffer/-/audio-buffer-4.0.4.tgz",
      "integrity": "sha512-phH+MR3G+N/PO5ZKKxx7HlU6vJwAJFa0+FCaTjr/4lUZU/RCjUTqlk3nMJTRy5+b+6cbx8m//EtwZOVI5Ht9+w==",
      "deprecated": "Depends on Web-Audio-API implementation. Use either web-audio-api, web-audio-js or web-audio-engine package.",
      "dependencies": {
        "audio-context": "^1.0.0"
      }
    },
    "node_modules/audio-buffer-from": {
      "version": "1.1.1",
      "resolved": "https://registry.npmjs.org/audio-buffer-from/-/audio-buffer-from-1.1.1.tgz",
      "integrity": "sha512-8Wcira24z+26GXDFe7ZFRF1bJm1iWrz8O+XL8iNZxZjxqAPXIoK1IrJiOqStv35ASPbRjG57ZK/T0WO92MDUSg==",
      "dependencies": {
        "audio-buffer": "^4.0.4",
        "audio-context": "^1.0.1",
        "audio-format": "^2.0.0",
        "is-audio-buffer": "^1.0.11",
        "is-plain-obj": "^1.1.0",
        "pcm-convert": "^1.6.0",
        "pick-by-alias": "^1.2.0",
        "string-to-arraybuffer": "^1.0.0"
      }
    },
    "node_modules/audio-context": {
      "version": "1.0.3",
      "resolved": "https://registry.npmjs.org/audio-context/-/audio-context-1.0.3.tgz",
      "integrity": "sha512-RH3/rM74f2ITlohhjgC7oYZVS97wtv/SEjXLCzEinnrIPIDxc39m2aFc6wmdkM0NYRKo1DMleYPMAIbnTRW0eA==",
      "deprecated": "Depends on Web-Audio-API implementation. Use either web-audio-api, web-audio-js or web-audio-engine package."
    },
    "node_modules/audio-format": {
      "version": "2.3.2",
      "resolved": "https://registry.npmjs.org/audio-format/-/audio-format-2.3.2.tgz",
      "integrity": "sha512-5IA2grZhaVhpGxX6lbJm8VVh/SKQULMXXrFxuiodi0zhzDPRB8BJfieo89AclEQv4bDxZRH4lv06qNnxqkFhKQ==",
      "dependencies": {
        "is-audio-buffer": "^1.0.11",
        "is-buffer": "^1.1.5",
        "is-plain-obj": "^1.1.0",
        "pick-by-alias": "^1.2.0",
        "sample-rate": "^2.0.0"
      }
    },
    "node_modules/is-audio-buffer": {
      "version": "1.1.0",
      "resolved": "https://registry.npmjs.org/is-audio-buffer/-/is-audio-buffer-1.1.0.tgz",
      "integrity": "sha512-fmPC/dizJmP4ITCsW5oTQGMJ9wZVE+A/zAe6FQo3XwgERxmXHmm3ON5XkWDAxmyxvsrDmWx3NArpSgamp/59AA=="
    },
    "node_modules/is-base64": {
      "version": "0.1.0",
      "resolved": "https://registry.npmjs.org/is-base64/-/is-base64-0.1.0.tgz",
      "integrity": "sha512-WRRyllsGXJM7ZN7gPTCCQ/6wNPTRDwiWdPK66l5sJzcU/oOzcIcRRf0Rux8bkpox/1yjt0F6VJRsQOIG2qz5sg=="
    },
    "node_modules/is-buffer": {
      "version": "1.1.6",
      "resolved": "https://registry.npmjs.org/is-buffer/-/is-buffer-1.1.6.tgz",
      "integrity": "sha512-NcdALwpXkTm5Zvvbk7owOUSvVvBKDgKP5/ewfXEznmQFfs4ZRmanOeKBTjRVjka3QFoN6XJ+9F3USqfHqTaU5w=="
    },
    "node_modules/is-plain-obj": {
      "version": "1.1.0",
      "resolved": "https://registry.npmjs.org/is-plain-obj/-/is-plain-obj-1.1.0.tgz",
      "integrity": "sha512-yvkRyxmFKEOQ4pNXCmJG5AEQNlXJS5LaONXo5/cLdTZdWvsZ1ioJEonLGAosKlMWE8lwUy/bJzMjcw8az73+Fg==",
      "engines": {
        "node": ">=0.10.0"
      }
    },
    "node_modules/lamejs": {
      "version": "1.2.1",
      "resolved": "https://registry.npmjs.org/lamejs/-/lamejs-1.2.1.tgz",
      "integrity": "sha512-s7bxvjvYthw6oPLCm5pFxvA84wUROODB8jEO2+CE1adhKgrIvVOlmMgY8zyugxGrvRaDHNJanOiS21/emty6dQ==",
      "dependencies": {
        "use-strict": "1.0.1"
      }
    },
    "node_modules/mic-recorder": {
      "version": "4.9.0",
      "resolved": "https://registry.npmjs.org/mic-recorder/-/mic-recorder-4.9.0.tgz",
      "integrity": "sha512-S74doJtEvV8HuUKqe4wvIbLEpzCDDbhB525j3lnT13eTL3gwHLGsyLjsDvXe8OF7qy54CklCEdhcz9hGcMWS/w==",
      "dependencies": {
        "audio-buffer-from": "^1.1.1",
        "lamejs": "^1.2.0",
        "wav-encoder": "^1.3.0"
      },
      "engines": {
        "node": ">=8.11"
      },
      "peerDependencies": {
        "webrtc-adapter": "^4.1.1"
      }
    },
    "node_modules/object-assign": {
      "version": "4.1.1",
      "resolved": "https://registry.npmjs.org/object-assign/-/object-assign-4.1.1.tgz",
      "integrity": "sha512-rJgTQnkUnH1sFw8yT6VSU3zD3sWmu6sZhIseY8VX+GRu3P6F7Fu+JNDoXfklElbLJSnc3FUQHVe4cU5hj+BcUg==",
      "engines": {
        "node": ">=0.10.0"
      }
    },
    "node_modules/pcm-convert": {
      "version": "1.6.5",
      "resolved": "https://registry.npmjs.org/pcm-convert/-/pcm-convert-1.6.5.tgz",
      "integrity": "sha512-5CEspU4j8aEQ80AhNbcLfpT0apc93E6endFxahWd4sV70I6PN7LPdz8GoYm/1qr400K9bUVsVA+KxNgbFROZPw==",
      "dependencies": {
        "audio-format": "^2.3.2",
        "is-audio-buffer": "^1.0.11",
        "is-buffer": "^1.1.5",
        "object-assign": "^4.1.1"
      }
    },
    "node_modules/pick-by-alias": {
      "version": "1.2.0",
      "resolved": "https://registry.npmjs.org/pick-by-alias/-/pick-by-alias-1.2.0.tgz",
      "integrity": "sha512-ESj2+eBxhGrcA1azgHs7lARG5+5iLakc/6nlfbpjcLl00HuuUOIuORhYXN4D1HfvMSKuVtFQjAlnwi1JHEeDIw=="
    },
    "node_modules/sample-rate": {
      "version": "2.0.1",
      "resolved": "https://registry.npmjs.org/sample-rate/-/sample-rate-2.0.1.tgz",
      "integrity": "sha512-AIK0vVBiAEObmpJOxQu/WCyklnWGqzTSDII4O7nBo+SJHmfgBUiYhgV/Y3Ohz76gfSlU6R5CIAKggj+nAOLSvg=="
    },
    "node_modules/sdp": {
      "version": "2.12.0",
      "resolved": "https://registry.npmjs.org/sdp/-/sdp-2.12.0.tgz",
      "integrity": "sha512-jhXqQAQVM+8Xj5EjJGVweuEzgtGWb3tmEEpl3CLP3cStInSbVHSg0QWOGQzNq8pSID4JkpeV2mPqlMDLrm0/Vw==",
      "peer": true
    },
    "node_modules/string-to-arraybuffer": {
      "version": "1.0.2",
      "resolved": "https://registry.npmjs.org/string-to-arraybuffer/-/string-to-arraybuffer-1.0.2.tgz",
      "integrity": "sha512-DaGZidzi93dwjQen5I2osxR9ERS/R7B1PFyufNMnzhj+fmlDQAc1DSDIJVJhgI8Oq221efIMbABUBdPHDRt43Q==",
      "dependencies": {
        "atob-lite": "^2.0.0",
        "is-base64": "^0.1.0"
      }
    },
    "node_modules/use-strict": {
      "version": "1.0.1",
      "resolved": "https://registry.npmjs.org/use-strict/-/use-strict-1.0.1.tgz",
      "integrity": "sha512-IeiWvvEXfW5ltKVMkxq6FvNf2LojMKvB2OCeja6+ct24S1XOmQw2dGr2JyndwACWAGJva9B7yPHwAmeA9QCqAQ=="
    },
    "node_modules/wav-encoder": {
      "version": "1.3.0",
      "resolved": "https://registry.npmjs.org/wav-encoder/-/wav-encoder-1.3.0.tgz",
      "integrity": "sha512-FXJdEu2qDOI+wbVYZpu21CS1vPEg5NaxNskBr4SaULpOJMrLE6xkH8dECa7PiS+ZoeyvP7GllWUAxPN3AvFSEw=="
    },
    "node_modules/webrtc-adapter": {
      "version": "4.2.2",
      "resolved": "https://registry.npmjs.org/webrtc-adapter/-/webrtc-adapter-4.2.2.tgz",
      "integrity": "sha512-JV2mqgwd8K+n0YrwohZgpZceojJRmC+1CsSTNOTdjDOKwCpffeY49d/0lks7dzw+nMtz8XQs9yaUafXh4iCINg==",
      "peer": true,
      "dependencies": {
        "sdp": "^2.1.0"
      },
      "engines": {
        "node": ">=6.0.0",
        "npm": ">=3.10.0"
      }
    }
  }
}
